// !$*UTF8*$!
{
	archiveVersion = 1;
	classes = {
	};
	objectVersion = 50;
	objects = {

/* Begin PBXBuildFile section */
		13B5920A7F762B7055AEAB20 /* Pods_TripBoxTests.framework in Frameworks */ = {isa = PBXBuildFile; fileRef = 27F2F2C60727A3E4F7D5F5CC /* Pods_TripBoxTests.framework */; };
		1A1913BF22523C6F000E7F87 /* Date+Extension.swift in Sources */ = {isa = PBXBuildFile; fileRef = 1A1913BE22523C6F000E7F87 /* Date+Extension.swift */; };
		1A399D4D225127AD00E0366E /* tripBox.xcdatamodeld in Sources */ = {isa = PBXBuildFile; fileRef = 1A399D4B225127AD00E0366E /* tripBox.xcdatamodeld */; };
		1A399D502251284600E0366E /* Rate.swift in Sources */ = {isa = PBXBuildFile; fileRef = 1A399D4F2251284600E0366E /* Rate.swift */; };
		1A4C15D52254B79B00D20774 /* TranslatorViewController.swift in Sources */ = {isa = PBXBuildFile; fileRef = 1A4C15D42254B79B00D20774 /* TranslatorViewController.swift */; };
		1A4C15D72254BB7100D20774 /* Lang.swift in Sources */ = {isa = PBXBuildFile; fileRef = 1A4C15D62254BB7100D20774 /* Lang.swift */; };
		1A4C15DA225506A000D20774 /* ViewController+Extension.swift in Sources */ = {isa = PBXBuildFile; fileRef = 1A4C15D9225506A000D20774 /* ViewController+Extension.swift */; };
		1A4C282522510D70006E5A3A /* NetworkManager.swift in Sources */ = {isa = PBXBuildFile; fileRef = 1A4C281B22510D70006E5A3A /* NetworkManager.swift */; };
		1A4C282622510D70006E5A3A /* NSObject+Extension.swift in Sources */ = {isa = PBXBuildFile; fileRef = 1A4C281E22510D70006E5A3A /* NSObject+Extension.swift */; };
		1A4C282722510D70006E5A3A /* UIView+InstanceNib.swift in Sources */ = {isa = PBXBuildFile; fileRef = 1A4C281F22510D70006E5A3A /* UIView+InstanceNib.swift */; };
		1A4C282822510D70006E5A3A /* Network.swift in Sources */ = {isa = PBXBuildFile; fileRef = 1A4C282122510D70006E5A3A /* Network.swift */; };
		1A554C482252617C00EB8512 /* String+Extension.swift in Sources */ = {isa = PBXBuildFile; fileRef = 1A554C472252617C00EB8512 /* String+Extension.swift */; };
		1A554C4A225286BF00EB8512 /* DecimalKeyboard.swift in Sources */ = {isa = PBXBuildFile; fileRef = 1A554C49225286BF00EB8512 /* DecimalKeyboard.swift */; };
		1A554C4C225286C800EB8512 /* DecimalKeyboard.xib in Resources */ = {isa = PBXBuildFile; fileRef = 1A554C4B225286C800EB8512 /* DecimalKeyboard.xib */; };
		1A554C4E2252904400EB8512 /* DecimalButton.swift in Sources */ = {isa = PBXBuildFile; fileRef = 1A554C4D2252904400EB8512 /* DecimalButton.swift */; };
		1A554C502252904E00EB8512 /* DecimalButton.xib in Resources */ = {isa = PBXBuildFile; fileRef = 1A554C4F2252904E00EB8512 /* DecimalButton.xib */; };
		1A554C522252916300EB8512 /* IBInspectableExtension.swift in Sources */ = {isa = PBXBuildFile; fileRef = 1A554C512252916300EB8512 /* IBInspectableExtension.swift */; };
		1A6084692252BF3F00BC674F /* NSNumber+Extension.swift in Sources */ = {isa = PBXBuildFile; fileRef = 1A6084682252BF3F00BC674F /* NSNumber+Extension.swift */; };
		1A62C4E6225399F00056A6A3 /* CurrencySelectorViewController.swift in Sources */ = {isa = PBXBuildFile; fileRef = 1A62C4E5225399F00056A6A3 /* CurrencySelectorViewController.swift */; };
		1ADAD634225224C0009CD9A3 /* Symbol.swift in Sources */ = {isa = PBXBuildFile; fileRef = 1ADAD633225224C0009CD9A3 /* Symbol.swift */; };
		1ADAD63622522B71009CD9A3 /* CurrencyController.swift in Sources */ = {isa = PBXBuildFile; fileRef = 1ADAD63522522B71009CD9A3 /* CurrencyController.swift */; };
		1AFC3B47225037E7004BA8B8 /* AppDelegate.swift in Sources */ = {isa = PBXBuildFile; fileRef = 1AFC3B46225037E7004BA8B8 /* AppDelegate.swift */; };
		1AFC3B4E225037E7004BA8B8 /* Main.storyboard in Resources */ = {isa = PBXBuildFile; fileRef = 1AFC3B4C225037E7004BA8B8 /* Main.storyboard */; };
		1AFC3B50225037E9004BA8B8 /* Assets.xcassets in Resources */ = {isa = PBXBuildFile; fileRef = 1AFC3B4F225037E9004BA8B8 /* Assets.xcassets */; };
		1AFC3B53225037E9004BA8B8 /* LaunchScreen.storyboard in Resources */ = {isa = PBXBuildFile; fileRef = 1AFC3B51225037E9004BA8B8 /* LaunchScreen.storyboard */; };
		1AFC3B5E225037EA004BA8B8 /* TripBoxTests.swift in Sources */ = {isa = PBXBuildFile; fileRef = 1AFC3B5D225037EA004BA8B8 /* TripBoxTests.swift */; };
		1AFC3B69225037EA004BA8B8 /* TripBoxUITests.swift in Sources */ = {isa = PBXBuildFile; fileRef = 1AFC3B68225037EA004BA8B8 /* TripBoxUITests.swift */; };
		9F588917EB8BC1575178D98B /* Pods_TripBoxUITests.framework in Frameworks */ = {isa = PBXBuildFile; fileRef = DD66ADF01D0D195A97848964 /* Pods_TripBoxUITests.framework */; };
		D034D0873A9D05290D9AD0EA /* Pods_TripBox.framework in Frameworks */ = {isa = PBXBuildFile; fileRef = 70A0C14ECEB676FFB6430F37 /* Pods_TripBox.framework */; };
/* End PBXBuildFile section */

/* Begin PBXContainerItemProxy section */
		1AFC3B5A225037EA004BA8B8 /* PBXContainerItemProxy */ = {
			isa = PBXContainerItemProxy;
			containerPortal = 1AFC3B3B225037E7004BA8B8 /* Project object */;
			proxyType = 1;
			remoteGlobalIDString = 1AFC3B42225037E7004BA8B8;
			remoteInfo = TripBox;
		};
		1AFC3B65225037EA004BA8B8 /* PBXContainerItemProxy */ = {
			isa = PBXContainerItemProxy;
			containerPortal = 1AFC3B3B225037E7004BA8B8 /* Project object */;
			proxyType = 1;
			remoteGlobalIDString = 1AFC3B42225037E7004BA8B8;
			remoteInfo = TripBox;
		};
/* End PBXContainerItemProxy section */

/* Begin PBXFileReference section */
		1A1913BE22523C6F000E7F87 /* Date+Extension.swift */ = {isa = PBXFileReference; lastKnownFileType = sourcecode.swift; path = "Date+Extension.swift"; sourceTree = "<group>"; };
		1A399D4C225127AD00E0366E /* tripBox.xcdatamodel */ = {isa = PBXFileReference; lastKnownFileType = wrapper.xcdatamodel; path = tripBox.xcdatamodel; sourceTree = "<group>"; };
		1A399D4F2251284600E0366E /* Rate.swift */ = {isa = PBXFileReference; lastKnownFileType = sourcecode.swift; path = Rate.swift; sourceTree = "<group>"; };
		1A4C15D42254B79B00D20774 /* TranslatorViewController.swift */ = {isa = PBXFileReference; lastKnownFileType = sourcecode.swift; path = TranslatorViewController.swift; sourceTree = "<group>"; };
		1A4C15D62254BB7100D20774 /* Lang.swift */ = {isa = PBXFileReference; lastKnownFileType = sourcecode.swift; path = Lang.swift; sourceTree = "<group>"; };
		1A4C15D9225506A000D20774 /* ViewController+Extension.swift */ = {isa = PBXFileReference; lastKnownFileType = sourcecode.swift; path = "ViewController+Extension.swift"; sourceTree = "<group>"; };
		1A4C281B22510D70006E5A3A /* NetworkManager.swift */ = {isa = PBXFileReference; fileEncoding = 4; lastKnownFileType = sourcecode.swift; path = NetworkManager.swift; sourceTree = "<group>"; };
		1A4C281E22510D70006E5A3A /* NSObject+Extension.swift */ = {isa = PBXFileReference; fileEncoding = 4; lastKnownFileType = sourcecode.swift; path = "NSObject+Extension.swift"; sourceTree = "<group>"; };
		1A4C281F22510D70006E5A3A /* UIView+InstanceNib.swift */ = {isa = PBXFileReference; fileEncoding = 4; lastKnownFileType = sourcecode.swift; path = "UIView+InstanceNib.swift"; sourceTree = "<group>"; };
		1A4C282122510D70006E5A3A /* Network.swift */ = {isa = PBXFileReference; fileEncoding = 4; lastKnownFileType = sourcecode.swift; path = Network.swift; sourceTree = "<group>"; };
		1A554C472252617C00EB8512 /* String+Extension.swift */ = {isa = PBXFileReference; lastKnownFileType = sourcecode.swift; path = "String+Extension.swift"; sourceTree = "<group>"; };
		1A554C49225286BF00EB8512 /* DecimalKeyboard.swift */ = {isa = PBXFileReference; lastKnownFileType = sourcecode.swift; path = DecimalKeyboard.swift; sourceTree = "<group>"; };
		1A554C4B225286C800EB8512 /* DecimalKeyboard.xib */ = {isa = PBXFileReference; lastKnownFileType = file.xib; path = DecimalKeyboard.xib; sourceTree = "<group>"; };
		1A554C4D2252904400EB8512 /* DecimalButton.swift */ = {isa = PBXFileReference; lastKnownFileType = sourcecode.swift; path = DecimalButton.swift; sourceTree = "<group>"; };
		1A554C4F2252904E00EB8512 /* DecimalButton.xib */ = {isa = PBXFileReference; lastKnownFileType = file.xib; path = DecimalButton.xib; sourceTree = "<group>"; };
		1A554C512252916300EB8512 /* IBInspectableExtension.swift */ = {isa = PBXFileReference; fileEncoding = 4; lastKnownFileType = sourcecode.swift; path = IBInspectableExtension.swift; sourceTree = "<group>"; };
		1A6084682252BF3F00BC674F /* NSNumber+Extension.swift */ = {isa = PBXFileReference; lastKnownFileType = sourcecode.swift; path = "NSNumber+Extension.swift"; sourceTree = "<group>"; };
		1A62C4E5225399F00056A6A3 /* CurrencySelectorViewController.swift */ = {isa = PBXFileReference; lastKnownFileType = sourcecode.swift; path = CurrencySelectorViewController.swift; sourceTree = "<group>"; };
		1ADAD633225224C0009CD9A3 /* Symbol.swift */ = {isa = PBXFileReference; lastKnownFileType = sourcecode.swift; path = Symbol.swift; sourceTree = "<group>"; };
		1ADAD63522522B71009CD9A3 /* CurrencyController.swift */ = {isa = PBXFileReference; lastKnownFileType = sourcecode.swift; path = CurrencyController.swift; sourceTree = "<group>"; };
		1AFC3B43225037E7004BA8B8 /* TripBox.app */ = {isa = PBXFileReference; explicitFileType = wrapper.application; includeInIndex = 0; path = TripBox.app; sourceTree = BUILT_PRODUCTS_DIR; };
		1AFC3B46225037E7004BA8B8 /* AppDelegate.swift */ = {isa = PBXFileReference; lastKnownFileType = sourcecode.swift; path = AppDelegate.swift; sourceTree = "<group>"; };
		1AFC3B4D225037E7004BA8B8 /* Base */ = {isa = PBXFileReference; lastKnownFileType = file.storyboard; name = Base; path = Base.lproj/Main.storyboard; sourceTree = "<group>"; };
		1AFC3B4F225037E9004BA8B8 /* Assets.xcassets */ = {isa = PBXFileReference; lastKnownFileType = folder.assetcatalog; path = Assets.xcassets; sourceTree = "<group>"; };
		1AFC3B52225037E9004BA8B8 /* Base */ = {isa = PBXFileReference; lastKnownFileType = file.storyboard; name = Base; path = Base.lproj/LaunchScreen.storyboard; sourceTree = "<group>"; };
		1AFC3B54225037E9004BA8B8 /* Info.plist */ = {isa = PBXFileReference; lastKnownFileType = text.plist.xml; path = Info.plist; sourceTree = "<group>"; };
		1AFC3B59225037EA004BA8B8 /* TripBoxTests.xctest */ = {isa = PBXFileReference; explicitFileType = wrapper.cfbundle; includeInIndex = 0; path = TripBoxTests.xctest; sourceTree = BUILT_PRODUCTS_DIR; };
		1AFC3B5D225037EA004BA8B8 /* TripBoxTests.swift */ = {isa = PBXFileReference; lastKnownFileType = sourcecode.swift; path = TripBoxTests.swift; sourceTree = "<group>"; };
		1AFC3B5F225037EA004BA8B8 /* Info.plist */ = {isa = PBXFileReference; lastKnownFileType = text.plist.xml; path = Info.plist; sourceTree = "<group>"; };
		1AFC3B64225037EA004BA8B8 /* TripBoxUITests.xctest */ = {isa = PBXFileReference; explicitFileType = wrapper.cfbundle; includeInIndex = 0; path = TripBoxUITests.xctest; sourceTree = BUILT_PRODUCTS_DIR; };
		1AFC3B68225037EA004BA8B8 /* TripBoxUITests.swift */ = {isa = PBXFileReference; lastKnownFileType = sourcecode.swift; path = TripBoxUITests.swift; sourceTree = "<group>"; };
		1AFC3B6A225037EA004BA8B8 /* Info.plist */ = {isa = PBXFileReference; lastKnownFileType = text.plist.xml; path = Info.plist; sourceTree = "<group>"; };
		1F0E84B2D56AE0EC398AC0F4 /* Pods-TripBoxTests.release.xcconfig */ = {isa = PBXFileReference; includeInIndex = 1; lastKnownFileType = text.xcconfig; name = "Pods-TripBoxTests.release.xcconfig"; path = "Pods/Target Support Files/Pods-TripBoxTests/Pods-TripBoxTests.release.xcconfig"; sourceTree = "<group>"; };
		27F2F2C60727A3E4F7D5F5CC /* Pods_TripBoxTests.framework */ = {isa = PBXFileReference; explicitFileType = wrapper.framework; includeInIndex = 0; path = Pods_TripBoxTests.framework; sourceTree = BUILT_PRODUCTS_DIR; };
		2D4DC3721E3C193569D3CDEB /* Pods-TripBoxUITests.release.xcconfig */ = {isa = PBXFileReference; includeInIndex = 1; lastKnownFileType = text.xcconfig; name = "Pods-TripBoxUITests.release.xcconfig"; path = "Pods/Target Support Files/Pods-TripBoxUITests/Pods-TripBoxUITests.release.xcconfig"; sourceTree = "<group>"; };
		355915909F2B4B8CCD1E865E /* Pods-TripBox.release.xcconfig */ = {isa = PBXFileReference; includeInIndex = 1; lastKnownFileType = text.xcconfig; name = "Pods-TripBox.release.xcconfig"; path = "Pods/Target Support Files/Pods-TripBox/Pods-TripBox.release.xcconfig"; sourceTree = "<group>"; };
		70A0C14ECEB676FFB6430F37 /* Pods_TripBox.framework */ = {isa = PBXFileReference; explicitFileType = wrapper.framework; includeInIndex = 0; path = Pods_TripBox.framework; sourceTree = BUILT_PRODUCTS_DIR; };
		76F1612F26927C9A8F947363 /* Pods-TripBoxTests.debug.xcconfig */ = {isa = PBXFileReference; includeInIndex = 1; lastKnownFileType = text.xcconfig; name = "Pods-TripBoxTests.debug.xcconfig"; path = "Pods/Target Support Files/Pods-TripBoxTests/Pods-TripBoxTests.debug.xcconfig"; sourceTree = "<group>"; };
		7D31ACBFB8E7DE2ACD6E2455 /* Pods-TripBoxUITests.debug.xcconfig */ = {isa = PBXFileReference; includeInIndex = 1; lastKnownFileType = text.xcconfig; name = "Pods-TripBoxUITests.debug.xcconfig"; path = "Pods/Target Support Files/Pods-TripBoxUITests/Pods-TripBoxUITests.debug.xcconfig"; sourceTree = "<group>"; };
		BC8F520125286E10DDA15F89 /* Pods-TripBox.debug.xcconfig */ = {isa = PBXFileReference; includeInIndex = 1; lastKnownFileType = text.xcconfig; name = "Pods-TripBox.debug.xcconfig"; path = "Pods/Target Support Files/Pods-TripBox/Pods-TripBox.debug.xcconfig"; sourceTree = "<group>"; };
		DD66ADF01D0D195A97848964 /* Pods_TripBoxUITests.framework */ = {isa = PBXFileReference; explicitFileType = wrapper.framework; includeInIndex = 0; path = Pods_TripBoxUITests.framework; sourceTree = BUILT_PRODUCTS_DIR; };
/* End PBXFileReference section */

/* Begin PBXFrameworksBuildPhase section */
		1AFC3B40225037E7004BA8B8 /* Frameworks */ = {
			isa = PBXFrameworksBuildPhase;
			buildActionMask = 2147483647;
			files = (
				D034D0873A9D05290D9AD0EA /* Pods_TripBox.framework in Frameworks */,
			);
			runOnlyForDeploymentPostprocessing = 0;
		};
		1AFC3B56225037EA004BA8B8 /* Frameworks */ = {
			isa = PBXFrameworksBuildPhase;
			buildActionMask = 2147483647;
			files = (
				13B5920A7F762B7055AEAB20 /* Pods_TripBoxTests.framework in Frameworks */,
			);
			runOnlyForDeploymentPostprocessing = 0;
		};
		1AFC3B61225037EA004BA8B8 /* Frameworks */ = {
			isa = PBXFrameworksBuildPhase;
			buildActionMask = 2147483647;
			files = (
				9F588917EB8BC1575178D98B /* Pods_TripBoxUITests.framework in Frameworks */,
			);
			runOnlyForDeploymentPostprocessing = 0;
		};
/* End PBXFrameworksBuildPhase section */

/* Begin PBXGroup section */
		1A399D4E225127DB00E0366E /* CurrencyConverter */ = {
			isa = PBXGroup;
			children = (
				1A399D4F2251284600E0366E /* Rate.swift */,
				1ADAD633225224C0009CD9A3 /* Symbol.swift */,
			);
			path = CurrencyConverter;
			sourceTree = "<group>";
		};
		1A4C15D22254B70F00D20774 /* CurrencyConverter */ = {
			isa = PBXGroup;
			children = (
				1ADAD63522522B71009CD9A3 /* CurrencyController.swift */,
				1A62C4E5225399F00056A6A3 /* CurrencySelectorViewController.swift */,
			);
			path = CurrencyConverter;
			sourceTree = "<group>";
		};
		1A4C15D32254B76400D20774 /* Translator */ = {
			isa = PBXGroup;
			children = (
				1A4C15D42254B79B00D20774 /* TranslatorViewController.swift */,
			);
			path = Translator;
			sourceTree = "<group>";
		};
		1A4C15D82254BB7300D20774 /* Translator */ = {
			isa = PBXGroup;
			children = (
				1A4C15D62254BB7100D20774 /* Lang.swift */,
			);
			path = Translator;
			sourceTree = "<group>";
		};
		1A4C281822510D70006E5A3A /* Storyboards */ = {
			isa = PBXGroup;
			children = (
				1AFC3B4C225037E7004BA8B8 /* Main.storyboard */,
			);
			path = Storyboards;
			sourceTree = "<group>";
		};
		1A4C281922510D70006E5A3A /* Cells */ = {
			isa = PBXGroup;
			children = (
			);
			path = Cells;
			sourceTree = "<group>";
		};
		1A4C281A22510D70006E5A3A /* Network */ = {
			isa = PBXGroup;
			children = (
				1A4C281B22510D70006E5A3A /* NetworkManager.swift */,
			);
			path = Network;
			sourceTree = "<group>";
		};
		1A4C281C22510D70006E5A3A /* Models */ = {
			isa = PBXGroup;
			children = (
				1A4C15D82254BB7300D20774 /* Translator */,
				1A399D4E225127DB00E0366E /* CurrencyConverter */,
			);
			path = Models;
			sourceTree = "<group>";
		};
		1A4C281D22510D70006E5A3A /* Extensions */ = {
			isa = PBXGroup;
			children = (
				1A554C512252916300EB8512 /* IBInspectableExtension.swift */,
				1A4C281E22510D70006E5A3A /* NSObject+Extension.swift */,
				1A4C281F22510D70006E5A3A /* UIView+InstanceNib.swift */,
				1A1913BE22523C6F000E7F87 /* Date+Extension.swift */,
				1A554C472252617C00EB8512 /* String+Extension.swift */,
				1A6084682252BF3F00BC674F /* NSNumber+Extension.swift */,
				1A4C15D9225506A000D20774 /* ViewController+Extension.swift */,
			);
			path = Extensions;
			sourceTree = "<group>";
		};
		1A4C282022510D70006E5A3A /* Defines */ = {
			isa = PBXGroup;
			children = (
				1A4C282122510D70006E5A3A /* Network.swift */,
			);
			path = Defines;
			sourceTree = "<group>";
		};
		1A4C282322510D70006E5A3A /* Controllers */ = {
			isa = PBXGroup;
			children = (
				1A4C15D32254B76400D20774 /* Translator */,
				1A4C15D22254B70F00D20774 /* CurrencyConverter */,
			);
			path = Controllers;
			sourceTree = "<group>";
		};
		1A4C282422510D70006E5A3A /* Views */ = {
			isa = PBXGroup;
			children = (
				1A60846A2252BFEB00BC674F /* CurrencyConverter */,
			);
			path = Views;
			sourceTree = "<group>";
		};
		1A60846A2252BFEB00BC674F /* CurrencyConverter */ = {
			isa = PBXGroup;
			children = (
				1A554C49225286BF00EB8512 /* DecimalKeyboard.swift */,
				1A554C4B225286C800EB8512 /* DecimalKeyboard.xib */,
				1A554C4D2252904400EB8512 /* DecimalButton.swift */,
				1A554C4F2252904E00EB8512 /* DecimalButton.xib */,
			);
			path = CurrencyConverter;
			sourceTree = "<group>";
		};
		1AFC3B3A225037E7004BA8B8 = {
			isa = PBXGroup;
			children = (
				1AFC3B45225037E7004BA8B8 /* TripBox */,
				1AFC3B5C225037EA004BA8B8 /* TripBoxTests */,
				1AFC3B67225037EA004BA8B8 /* TripBoxUITests */,
				1AFC3B44225037E7004BA8B8 /* Products */,
				9F34847F0C565DDF40DA6DFD /* Pods */,
				1C594F3381E234A361550D1F /* Frameworks */,
			);
			sourceTree = "<group>";
		};
		1AFC3B44225037E7004BA8B8 /* Products */ = {
			isa = PBXGroup;
			children = (
				1AFC3B43225037E7004BA8B8 /* TripBox.app */,
				1AFC3B59225037EA004BA8B8 /* TripBoxTests.xctest */,
				1AFC3B64225037EA004BA8B8 /* TripBoxUITests.xctest */,
			);
			name = Products;
			sourceTree = "<group>";
		};
		1AFC3B45225037E7004BA8B8 /* TripBox */ = {
			isa = PBXGroup;
			children = (
				1A4C282022510D70006E5A3A /* Defines */,
				1A4C281822510D70006E5A3A /* Storyboards */,
				1A4C281922510D70006E5A3A /* Cells */,
				1A4C281A22510D70006E5A3A /* Network */,
				1A4C281C22510D70006E5A3A /* Models */,
				1A4C281D22510D70006E5A3A /* Extensions */,
				1A4C282322510D70006E5A3A /* Controllers */,
				1A4C282422510D70006E5A3A /* Views */,
				1AFC3B46225037E7004BA8B8 /* AppDelegate.swift */,
				1A399D4B225127AD00E0366E /* tripBox.xcdatamodeld */,
				1AFC3B4F225037E9004BA8B8 /* Assets.xcassets */,
				1AFC3B51225037E9004BA8B8 /* LaunchScreen.storyboard */,
				1AFC3B54225037E9004BA8B8 /* Info.plist */,
			);
			path = TripBox;
			sourceTree = "<group>";
		};
		1AFC3B5C225037EA004BA8B8 /* TripBoxTests */ = {
			isa = PBXGroup;
			children = (
				1AFC3B5D225037EA004BA8B8 /* TripBoxTests.swift */,
				1AFC3B5F225037EA004BA8B8 /* Info.plist */,
			);
			path = TripBoxTests;
			sourceTree = "<group>";
		};
		1AFC3B67225037EA004BA8B8 /* TripBoxUITests */ = {
			isa = PBXGroup;
			children = (
				1AFC3B68225037EA004BA8B8 /* TripBoxUITests.swift */,
				1AFC3B6A225037EA004BA8B8 /* Info.plist */,
			);
			path = TripBoxUITests;
			sourceTree = "<group>";
		};
		1C594F3381E234A361550D1F /* Frameworks */ = {
			isa = PBXGroup;
			children = (
				70A0C14ECEB676FFB6430F37 /* Pods_TripBox.framework */,
				27F2F2C60727A3E4F7D5F5CC /* Pods_TripBoxTests.framework */,
				DD66ADF01D0D195A97848964 /* Pods_TripBoxUITests.framework */,
			);
			name = Frameworks;
			sourceTree = "<group>";
		};
		9F34847F0C565DDF40DA6DFD /* Pods */ = {
			isa = PBXGroup;
			children = (
				BC8F520125286E10DDA15F89 /* Pods-TripBox.debug.xcconfig */,
				355915909F2B4B8CCD1E865E /* Pods-TripBox.release.xcconfig */,
				76F1612F26927C9A8F947363 /* Pods-TripBoxTests.debug.xcconfig */,
				1F0E84B2D56AE0EC398AC0F4 /* Pods-TripBoxTests.release.xcconfig */,
				7D31ACBFB8E7DE2ACD6E2455 /* Pods-TripBoxUITests.debug.xcconfig */,
				2D4DC3721E3C193569D3CDEB /* Pods-TripBoxUITests.release.xcconfig */,
			);
			name = Pods;
			sourceTree = "<group>";
		};
/* End PBXGroup section */

/* Begin PBXNativeTarget section */
		1AFC3B42225037E7004BA8B8 /* TripBox */ = {
			isa = PBXNativeTarget;
			buildConfigurationList = 1AFC3B6D225037EA004BA8B8 /* Build configuration list for PBXNativeTarget "TripBox" */;
			buildPhases = (
				B6FAF11BE262C432528753E4 /* [CP] Check Pods Manifest.lock */,
				1AFC3B3F225037E7004BA8B8 /* Sources */,
				1AFC3B40225037E7004BA8B8 /* Frameworks */,
				1AFC3B41225037E7004BA8B8 /* Resources */,
			);
			buildRules = (
			);
			dependencies = (
			);
			name = TripBox;
			productName = TripBox;
			productReference = 1AFC3B43225037E7004BA8B8 /* TripBox.app */;
			productType = "com.apple.product-type.application";
		};
		1AFC3B58225037EA004BA8B8 /* TripBoxTests */ = {
			isa = PBXNativeTarget;
			buildConfigurationList = 1AFC3B70225037EA004BA8B8 /* Build configuration list for PBXNativeTarget "TripBoxTests" */;
			buildPhases = (
				4A2B5D0A6F7DCCE592F7442E /* [CP] Check Pods Manifest.lock */,
				1AFC3B55225037EA004BA8B8 /* Sources */,
				1AFC3B56225037EA004BA8B8 /* Frameworks */,
				1AFC3B57225037EA004BA8B8 /* Resources */,
			);
			buildRules = (
			);
			dependencies = (
				1AFC3B5B225037EA004BA8B8 /* PBXTargetDependency */,
			);
			name = TripBoxTests;
			productName = TripBoxTests;
			productReference = 1AFC3B59225037EA004BA8B8 /* TripBoxTests.xctest */;
			productType = "com.apple.product-type.bundle.unit-test";
		};
		1AFC3B63225037EA004BA8B8 /* TripBoxUITests */ = {
			isa = PBXNativeTarget;
			buildConfigurationList = 1AFC3B73225037EA004BA8B8 /* Build configuration list for PBXNativeTarget "TripBoxUITests" */;
			buildPhases = (
				5A0F58B299A6A05F70AC0B81 /* [CP] Check Pods Manifest.lock */,
				1AFC3B60225037EA004BA8B8 /* Sources */,
				1AFC3B61225037EA004BA8B8 /* Frameworks */,
				1AFC3B62225037EA004BA8B8 /* Resources */,
			);
			buildRules = (
			);
			dependencies = (
				1AFC3B66225037EA004BA8B8 /* PBXTargetDependency */,
			);
			name = TripBoxUITests;
			productName = TripBoxUITests;
			productReference = 1AFC3B64225037EA004BA8B8 /* TripBoxUITests.xctest */;
			productType = "com.apple.product-type.bundle.ui-testing";
		};
/* End PBXNativeTarget section */

/* Begin PBXProject section */
		1AFC3B3B225037E7004BA8B8 /* Project object */ = {
			isa = PBXProject;
			attributes = {
				LastSwiftUpdateCheck = 1010;
				LastUpgradeCheck = 1010;
				ORGANIZATIONNAME = intergoldex;
				TargetAttributes = {
					1AFC3B42225037E7004BA8B8 = {
						CreatedOnToolsVersion = 10.1;
					};
					1AFC3B58225037EA004BA8B8 = {
						CreatedOnToolsVersion = 10.1;
						TestTargetID = 1AFC3B42225037E7004BA8B8;
					};
					1AFC3B63225037EA004BA8B8 = {
						CreatedOnToolsVersion = 10.1;
						TestTargetID = 1AFC3B42225037E7004BA8B8;
					};
				};
			};
			buildConfigurationList = 1AFC3B3E225037E7004BA8B8 /* Build configuration list for PBXProject "TripBox" */;
			compatibilityVersion = "Xcode 9.3";
			developmentRegion = en;
			hasScannedForEncodings = 0;
			knownRegions = (
				en,
				Base,
			);
			mainGroup = 1AFC3B3A225037E7004BA8B8;
			productRefGroup = 1AFC3B44225037E7004BA8B8 /* Products */;
			projectDirPath = "";
			projectRoot = "";
			targets = (
				1AFC3B42225037E7004BA8B8 /* TripBox */,
				1AFC3B58225037EA004BA8B8 /* TripBoxTests */,
				1AFC3B63225037EA004BA8B8 /* TripBoxUITests */,
			);
		};
/* End PBXProject section */

/* Begin PBXResourcesBuildPhase section */
		1AFC3B41225037E7004BA8B8 /* Resources */ = {
			isa = PBXResourcesBuildPhase;
			buildActionMask = 2147483647;
			files = (
				1A554C4C225286C800EB8512 /* DecimalKeyboard.xib in Resources */,
				1AFC3B53225037E9004BA8B8 /* LaunchScreen.storyboard in Resources */,
				1AFC3B50225037E9004BA8B8 /* Assets.xcassets in Resources */,
				1AFC3B4E225037E7004BA8B8 /* Main.storyboard in Resources */,
				1A554C502252904E00EB8512 /* DecimalButton.xib in Resources */,
			);
			runOnlyForDeploymentPostprocessing = 0;
		};
		1AFC3B57225037EA004BA8B8 /* Resources */ = {
			isa = PBXResourcesBuildPhase;
			buildActionMask = 2147483647;
			files = (
			);
			runOnlyForDeploymentPostprocessing = 0;
		};
		1AFC3B62225037EA004BA8B8 /* Resources */ = {
			isa = PBXResourcesBuildPhase;
			buildActionMask = 2147483647;
			files = (
			);
			runOnlyForDeploymentPostprocessing = 0;
		};
/* End PBXResourcesBuildPhase section */

/* Begin PBXShellScriptBuildPhase section */
		4A2B5D0A6F7DCCE592F7442E /* [CP] Check Pods Manifest.lock */ = {
			isa = PBXShellScriptBuildPhase;
			buildActionMask = 2147483647;
			files = (
			);
			inputFileListPaths = (
			);
			inputPaths = (
				"${PODS_PODFILE_DIR_PATH}/Podfile.lock",
				"${PODS_ROOT}/Manifest.lock",
			);
			name = "[CP] Check Pods Manifest.lock";
			outputFileListPaths = (
			);
			outputPaths = (
				"$(DERIVED_FILE_DIR)/Pods-TripBoxTests-checkManifestLockResult.txt",
			);
			runOnlyForDeploymentPostprocessing = 0;
			shellPath = /bin/sh;
			shellScript = "diff \"${PODS_PODFILE_DIR_PATH}/Podfile.lock\" \"${PODS_ROOT}/Manifest.lock\" > /dev/null\nif [ $? != 0 ] ; then\n    # print error to STDERR\n    echo \"error: The sandbox is not in sync with the Podfile.lock. Run 'pod install' or update your CocoaPods installation.\" >&2\n    exit 1\nfi\n# This output is used by Xcode 'outputs' to avoid re-running this script phase.\necho \"SUCCESS\" > \"${SCRIPT_OUTPUT_FILE_0}\"\n";
			showEnvVarsInLog = 0;
		};
		5A0F58B299A6A05F70AC0B81 /* [CP] Check Pods Manifest.lock */ = {
			isa = PBXShellScriptBuildPhase;
			buildActionMask = 2147483647;
			files = (
			);
			inputFileListPaths = (
			);
			inputPaths = (
				"${PODS_PODFILE_DIR_PATH}/Podfile.lock",
				"${PODS_ROOT}/Manifest.lock",
			);
			name = "[CP] Check Pods Manifest.lock";
			outputFileListPaths = (
			);
			outputPaths = (
				"$(DERIVED_FILE_DIR)/Pods-TripBoxUITests-checkManifestLockResult.txt",
			);
			runOnlyForDeploymentPostprocessing = 0;
			shellPath = /bin/sh;
			shellScript = "diff \"${PODS_PODFILE_DIR_PATH}/Podfile.lock\" \"${PODS_ROOT}/Manifest.lock\" > /dev/null\nif [ $? != 0 ] ; then\n    # print error to STDERR\n    echo \"error: The sandbox is not in sync with the Podfile.lock. Run 'pod install' or update your CocoaPods installation.\" >&2\n    exit 1\nfi\n# This output is used by Xcode 'outputs' to avoid re-running this script phase.\necho \"SUCCESS\" > \"${SCRIPT_OUTPUT_FILE_0}\"\n";
			showEnvVarsInLog = 0;
		};
		B6FAF11BE262C432528753E4 /* [CP] Check Pods Manifest.lock */ = {
			isa = PBXShellScriptBuildPhase;
			buildActionMask = 2147483647;
			files = (
			);
			inputFileListPaths = (
			);
			inputPaths = (
				"${PODS_PODFILE_DIR_PATH}/Podfile.lock",
				"${PODS_ROOT}/Manifest.lock",
			);
			name = "[CP] Check Pods Manifest.lock";
			outputFileListPaths = (
			);
			outputPaths = (
				"$(DERIVED_FILE_DIR)/Pods-TripBox-checkManifestLockResult.txt",
			);
			runOnlyForDeploymentPostprocessing = 0;
			shellPath = /bin/sh;
			shellScript = "diff \"${PODS_PODFILE_DIR_PATH}/Podfile.lock\" \"${PODS_ROOT}/Manifest.lock\" > /dev/null\nif [ $? != 0 ] ; then\n    # print error to STDERR\n    echo \"error: The sandbox is not in sync with the Podfile.lock. Run 'pod install' or update your CocoaPods installation.\" >&2\n    exit 1\nfi\n# This output is used by Xcode 'outputs' to avoid re-running this script phase.\necho \"SUCCESS\" > \"${SCRIPT_OUTPUT_FILE_0}\"\n";
			showEnvVarsInLog = 0;
		};
/* End PBXShellScriptBuildPhase section */

/* Begin PBXSourcesBuildPhase section */
		1AFC3B3F225037E7004BA8B8 /* Sources */ = {
			isa = PBXSourcesBuildPhase;
			buildActionMask = 2147483647;
			files = (
				1A4C282722510D70006E5A3A /* UIView+InstanceNib.swift in Sources */,
				1A554C522252916300EB8512 /* IBInspectableExtension.swift in Sources */,
				1A6084692252BF3F00BC674F /* NSNumber+Extension.swift in Sources */,
				1A554C482252617C00EB8512 /* String+Extension.swift in Sources */,
				1A4C282822510D70006E5A3A /* Network.swift in Sources */,
				1A4C15D72254BB7100D20774 /* Lang.swift in Sources */,
				1A4C282522510D70006E5A3A /* NetworkManager.swift in Sources */,
				1A399D4D225127AD00E0366E /* tripBox.xcdatamodeld in Sources */,
				1AFC3B47225037E7004BA8B8 /* AppDelegate.swift in Sources */,
				1A1913BF22523C6F000E7F87 /* Date+Extension.swift in Sources */,
				1A4C15D52254B79B00D20774 /* TranslatorViewController.swift in Sources */,
				1A4C15DA225506A000D20774 /* ViewController+Extension.swift in Sources */,
				1A554C4E2252904400EB8512 /* DecimalButton.swift in Sources */,
				1A62C4E6225399F00056A6A3 /* CurrencySelectorViewController.swift in Sources */,
				1ADAD63622522B71009CD9A3 /* CurrencyController.swift in Sources */,
				1A554C4A225286BF00EB8512 /* DecimalKeyboard.swift in Sources */,
				1ADAD634225224C0009CD9A3 /* Symbol.swift in Sources */,
				1A399D502251284600E0366E /* Rate.swift in Sources */,
				1A4C282622510D70006E5A3A /* NSObject+Extension.swift in Sources */,
			);
			runOnlyForDeploymentPostprocessing = 0;
		};
		1AFC3B55225037EA004BA8B8 /* Sources */ = {
			isa = PBXSourcesBuildPhase;
			buildActionMask = 2147483647;
			files = (
				1AFC3B5E225037EA004BA8B8 /* TripBoxTests.swift in Sources */,
			);
			runOnlyForDeploymentPostprocessing = 0;
		};
		1AFC3B60225037EA004BA8B8 /* Sources */ = {
			isa = PBXSourcesBuildPhase;
			buildActionMask = 2147483647;
			files = (
				1AFC3B69225037EA004BA8B8 /* TripBoxUITests.swift in Sources */,
			);
			runOnlyForDeploymentPostprocessing = 0;
		};
/* End PBXSourcesBuildPhase section */

/* Begin PBXTargetDependency section */
		1AFC3B5B225037EA004BA8B8 /* PBXTargetDependency */ = {
			isa = PBXTargetDependency;
			target = 1AFC3B42225037E7004BA8B8 /* TripBox */;
			targetProxy = 1AFC3B5A225037EA004BA8B8 /* PBXContainerItemProxy */;
		};
		1AFC3B66225037EA004BA8B8 /* PBXTargetDependency */ = {
			isa = PBXTargetDependency;
			target = 1AFC3B42225037E7004BA8B8 /* TripBox */;
			targetProxy = 1AFC3B65225037EA004BA8B8 /* PBXContainerItemProxy */;
		};
/* End PBXTargetDependency section */

/* Begin PBXVariantGroup section */
		1AFC3B4C225037E7004BA8B8 /* Main.storyboard */ = {
			isa = PBXVariantGroup;
			children = (
				1AFC3B4D225037E7004BA8B8 /* Base */,
			);
			name = Main.storyboard;
			sourceTree = "<group>";
		};
		1AFC3B51225037E9004BA8B8 /* LaunchScreen.storyboard */ = {
			isa = PBXVariantGroup;
			children = (
				1AFC3B52225037E9004BA8B8 /* Base */,
			);
			name = LaunchScreen.storyboard;
			sourceTree = "<group>";
		};
/* End PBXVariantGroup section */

/* Begin XCBuildConfiguration section */
		1AFC3B6B225037EA004BA8B8 /* Debug */ = {
			isa = XCBuildConfiguration;
			buildSettings = {
				ALWAYS_SEARCH_USER_PATHS = NO;
				CLANG_ANALYZER_NONNULL = YES;
				CLANG_ANALYZER_NUMBER_OBJECT_CONVERSION = YES_AGGRESSIVE;
				CLANG_CXX_LANGUAGE_STANDARD = "gnu++14";
				CLANG_CXX_LIBRARY = "libc++";
				CLANG_ENABLE_MODULES = YES;
				CLANG_ENABLE_OBJC_ARC = YES;
				CLANG_ENABLE_OBJC_WEAK = YES;
				CLANG_WARN_BLOCK_CAPTURE_AUTORELEASING = YES;
				CLANG_WARN_BOOL_CONVERSION = YES;
				CLANG_WARN_COMMA = YES;
				CLANG_WARN_CONSTANT_CONVERSION = YES;
				CLANG_WARN_DEPRECATED_OBJC_IMPLEMENTATIONS = YES;
				CLANG_WARN_DIRECT_OBJC_ISA_USAGE = YES_ERROR;
				CLANG_WARN_DOCUMENTATION_COMMENTS = YES;
				CLANG_WARN_EMPTY_BODY = YES;
				CLANG_WARN_ENUM_CONVERSION = YES;
				CLANG_WARN_INFINITE_RECURSION = YES;
				CLANG_WARN_INT_CONVERSION = YES;
				CLANG_WARN_NON_LITERAL_NULL_CONVERSION = YES;
				CLANG_WARN_OBJC_IMPLICIT_RETAIN_SELF = YES;
				CLANG_WARN_OBJC_LITERAL_CONVERSION = YES;
				CLANG_WARN_OBJC_ROOT_CLASS = YES_ERROR;
				CLANG_WARN_RANGE_LOOP_ANALYSIS = YES;
				CLANG_WARN_STRICT_PROTOTYPES = YES;
				CLANG_WARN_SUSPICIOUS_MOVE = YES;
				CLANG_WARN_UNGUARDED_AVAILABILITY = YES_AGGRESSIVE;
				CLANG_WARN_UNREACHABLE_CODE = YES;
				CLANG_WARN__DUPLICATE_METHOD_MATCH = YES;
				CODE_SIGN_IDENTITY = "iPhone Developer";
				COPY_PHASE_STRIP = NO;
				DEBUG_INFORMATION_FORMAT = dwarf;
				ENABLE_STRICT_OBJC_MSGSEND = YES;
				ENABLE_TESTABILITY = YES;
				GCC_C_LANGUAGE_STANDARD = gnu11;
				GCC_DYNAMIC_NO_PIC = NO;
				GCC_NO_COMMON_BLOCKS = YES;
				GCC_OPTIMIZATION_LEVEL = 0;
				GCC_PREPROCESSOR_DEFINITIONS = (
					"DEBUG=1",
					"$(inherited)",
				);
				GCC_WARN_64_TO_32_BIT_CONVERSION = YES;
				GCC_WARN_ABOUT_RETURN_TYPE = YES_ERROR;
				GCC_WARN_UNDECLARED_SELECTOR = YES;
				GCC_WARN_UNINITIALIZED_AUTOS = YES_AGGRESSIVE;
				GCC_WARN_UNUSED_FUNCTION = YES;
				GCC_WARN_UNUSED_VARIABLE = YES;
				IPHONEOS_DEPLOYMENT_TARGET = 12.1;
				MTL_ENABLE_DEBUG_INFO = INCLUDE_SOURCE;
				MTL_FAST_MATH = YES;
				ONLY_ACTIVE_ARCH = YES;
				SDKROOT = iphoneos;
				SWIFT_ACTIVE_COMPILATION_CONDITIONS = DEBUG;
				SWIFT_OPTIMIZATION_LEVEL = "-Onone";
			};
			name = Debug;
		};
		1AFC3B6C225037EA004BA8B8 /* Release */ = {
			isa = XCBuildConfiguration;
			buildSettings = {
				ALWAYS_SEARCH_USER_PATHS = NO;
				CLANG_ANALYZER_NONNULL = YES;
				CLANG_ANALYZER_NUMBER_OBJECT_CONVERSION = YES_AGGRESSIVE;
				CLANG_CXX_LANGUAGE_STANDARD = "gnu++14";
				CLANG_CXX_LIBRARY = "libc++";
				CLANG_ENABLE_MODULES = YES;
				CLANG_ENABLE_OBJC_ARC = YES;
				CLANG_ENABLE_OBJC_WEAK = YES;
				CLANG_WARN_BLOCK_CAPTURE_AUTORELEASING = YES;
				CLANG_WARN_BOOL_CONVERSION = YES;
				CLANG_WARN_COMMA = YES;
				CLANG_WARN_CONSTANT_CONVERSION = YES;
				CLANG_WARN_DEPRECATED_OBJC_IMPLEMENTATIONS = YES;
				CLANG_WARN_DIRECT_OBJC_ISA_USAGE = YES_ERROR;
				CLANG_WARN_DOCUMENTATION_COMMENTS = YES;
				CLANG_WARN_EMPTY_BODY = YES;
				CLANG_WARN_ENUM_CONVERSION = YES;
				CLANG_WARN_INFINITE_RECURSION = YES;
				CLANG_WARN_INT_CONVERSION = YES;
				CLANG_WARN_NON_LITERAL_NULL_CONVERSION = YES;
				CLANG_WARN_OBJC_IMPLICIT_RETAIN_SELF = YES;
				CLANG_WARN_OBJC_LITERAL_CONVERSION = YES;
				CLANG_WARN_OBJC_ROOT_CLASS = YES_ERROR;
				CLANG_WARN_RANGE_LOOP_ANALYSIS = YES;
				CLANG_WARN_STRICT_PROTOTYPES = YES;
				CLANG_WARN_SUSPICIOUS_MOVE = YES;
				CLANG_WARN_UNGUARDED_AVAILABILITY = YES_AGGRESSIVE;
				CLANG_WARN_UNREACHABLE_CODE = YES;
				CLANG_WARN__DUPLICATE_METHOD_MATCH = YES;
				CODE_SIGN_IDENTITY = "iPhone Developer";
				COPY_PHASE_STRIP = NO;
				DEBUG_INFORMATION_FORMAT = "dwarf-with-dsym";
				ENABLE_NS_ASSERTIONS = NO;
				ENABLE_STRICT_OBJC_MSGSEND = YES;
				GCC_C_LANGUAGE_STANDARD = gnu11;
				GCC_NO_COMMON_BLOCKS = YES;
				GCC_WARN_64_TO_32_BIT_CONVERSION = YES;
				GCC_WARN_ABOUT_RETURN_TYPE = YES_ERROR;
				GCC_WARN_UNDECLARED_SELECTOR = YES;
				GCC_WARN_UNINITIALIZED_AUTOS = YES_AGGRESSIVE;
				GCC_WARN_UNUSED_FUNCTION = YES;
				GCC_WARN_UNUSED_VARIABLE = YES;
				IPHONEOS_DEPLOYMENT_TARGET = 12.1;
				MTL_ENABLE_DEBUG_INFO = NO;
				MTL_FAST_MATH = YES;
				SDKROOT = iphoneos;
				SWIFT_COMPILATION_MODE = wholemodule;
				SWIFT_OPTIMIZATION_LEVEL = "-O";
				VALIDATE_PRODUCT = YES;
			};
			name = Release;
		};
		1AFC3B6E225037EA004BA8B8 /* Debug */ = {
			isa = XCBuildConfiguration;
			baseConfigurationReference = BC8F520125286E10DDA15F89 /* Pods-TripBox.debug.xcconfig */;
			buildSettings = {
				ASSETCATALOG_COMPILER_APPICON_NAME = AppIcon;
				CODE_SIGN_STYLE = Automatic;
				DEVELOPMENT_TEAM = 39UPL288JM;
				INFOPLIST_FILE = TripBox/Info.plist;
				LD_RUNPATH_SEARCH_PATHS = (
					"$(inherited)",
					"@executable_path/Frameworks",
				);
				PRODUCT_BUNDLE_IDENTIFIER = com.intergoldex.TripBox;
				PRODUCT_NAME = "$(TARGET_NAME)";
				SWIFT_VERSION = 4.2;
				TARGETED_DEVICE_FAMILY = "1,2";
			};
			name = Debug;
		};
		1AFC3B6F225037EA004BA8B8 /* Release */ = {
			isa = XCBuildConfiguration;
			baseConfigurationReference = 355915909F2B4B8CCD1E865E /* Pods-TripBox.release.xcconfig */;
			buildSettings = {
				ASSETCATALOG_COMPILER_APPICON_NAME = AppIcon;
				CODE_SIGN_STYLE = Automatic;
				DEVELOPMENT_TEAM = 39UPL288JM;
				INFOPLIST_FILE = TripBox/Info.plist;
				LD_RUNPATH_SEARCH_PATHS = (
					"$(inherited)",
					"@executable_path/Frameworks",
				);
				PRODUCT_BUNDLE_IDENTIFIER = com.intergoldex.TripBox;
				PRODUCT_NAME = "$(TARGET_NAME)";
				SWIFT_VERSION = 4.2;
				TARGETED_DEVICE_FAMILY = "1,2";
			};
			name = Release;
		};
		1AFC3B71225037EA004BA8B8 /* Debug */ = {
			isa = XCBuildConfiguration;
			baseConfigurationReference = 76F1612F26927C9A8F947363 /* Pods-TripBoxTests.debug.xcconfig */;
			buildSettings = {
				ALWAYS_EMBED_SWIFT_STANDARD_LIBRARIES = YES;
				BUNDLE_LOADER = "$(TEST_HOST)";
				CODE_SIGN_STYLE = Automatic;
				DEVELOPMENT_TEAM = 39UPL288JM;
				INFOPLIST_FILE = TripBoxTests/Info.plist;
				LD_RUNPATH_SEARCH_PATHS = (
					"$(inherited)",
					"@executable_path/Frameworks",
					"@loader_path/Frameworks",
				);
				PRODUCT_BUNDLE_IDENTIFIER = com.intergoldex.TripBoxTests;
				PRODUCT_NAME = "$(TARGET_NAME)";
				SWIFT_VERSION = 4.2;
				TARGETED_DEVICE_FAMILY = "1,2";
				TEST_HOST = "$(BUILT_PRODUCTS_DIR)/TripBox.app/TripBox";
			};
			name = Debug;
		};
		1AFC3B72225037EA004BA8B8 /* Release */ = {
			isa = XCBuildConfiguration;
			baseConfigurationReference = 1F0E84B2D56AE0EC398AC0F4 /* Pods-TripBoxTests.release.xcconfig */;
			buildSettings = {
				ALWAYS_EMBED_SWIFT_STANDARD_LIBRARIES = YES;
				BUNDLE_LOADER = "$(TEST_HOST)";
				CODE_SIGN_STYLE = Automatic;
				DEVELOPMENT_TEAM = 39UPL288JM;
				INFOPLIST_FILE = TripBoxTests/Info.plist;
				LD_RUNPATH_SEARCH_PATHS = (
					"$(inherited)",
					"@executable_path/Frameworks",
					"@loader_path/Frameworks",
				);
				PRODUCT_BUNDLE_IDENTIFIER = com.intergoldex.TripBoxTests;
				PRODUCT_NAME = "$(TARGET_NAME)";
				SWIFT_VERSION = 4.2;
				TARGETED_DEVICE_FAMILY = "1,2";
				TEST_HOST = "$(BUILT_PRODUCTS_DIR)/TripBox.app/TripBox";
			};
			name = Release;
		};
		1AFC3B74225037EA004BA8B8 /* Debug */ = {
			isa = XCBuildConfiguration;
			baseConfigurationReference = 7D31ACBFB8E7DE2ACD6E2455 /* Pods-TripBoxUITests.debug.xcconfig */;
			buildSettings = {
				ALWAYS_EMBED_SWIFT_STANDARD_LIBRARIES = YES;
				CODE_SIGN_STYLE = Automatic;
				DEVELOPMENT_TEAM = 39UPL288JM;
				INFOPLIST_FILE = TripBoxUITests/Info.plist;
				LD_RUNPATH_SEARCH_PATHS = (
					"$(inherited)",
					"@executable_path/Frameworks",
					"@loader_path/Frameworks",
				);
				PRODUCT_BUNDLE_IDENTIFIER = com.intergoldex.TripBoxUITests;
				PRODUCT_NAME = "$(TARGET_NAME)";
				SWIFT_VERSION = 4.2;
				TARGETED_DEVICE_FAMILY = "1,2";
				TEST_TARGET_NAME = TripBox;
			};
			name = Debug;
		};
		1AFC3B75225037EA004BA8B8 /* Release */ = {
			isa = XCBuildConfiguration;
			baseConfigurationReference = 2D4DC3721E3C193569D3CDEB /* Pods-TripBoxUITests.release.xcconfig */;
			buildSettings = {
				ALWAYS_EMBED_SWIFT_STANDARD_LIBRARIES = YES;
				CODE_SIGN_STYLE = Automatic;
				DEVELOPMENT_TEAM = 39UPL288JM;
				INFOPLIST_FILE = TripBoxUITests/Info.plist;
				LD_RUNPATH_SEARCH_PATHS = (
					"$(inherited)",
					"@executable_path/Frameworks",
					"@loader_path/Frameworks",
				);
				PRODUCT_BUNDLE_IDENTIFIER = com.intergoldex.TripBoxUITests;
				PRODUCT_NAME = "$(TARGET_NAME)";
				SWIFT_VERSION = 4.2;
				TARGETED_DEVICE_FAMILY = "1,2";
				TEST_TARGET_NAME = TripBox;
			};
			name = Release;
		};
/* End XCBuildConfiguration section */

/* Begin XCConfigurationList section */
		1AFC3B3E225037E7004BA8B8 /* Build configuration list for PBXProject "TripBox" */ = {
			isa = XCConfigurationList;
			buildConfigurations = (
				1AFC3B6B225037EA004BA8B8 /* Debug */,
				1AFC3B6C225037EA004BA8B8 /* Release */,
			);
			defaultConfigurationIsVisible = 0;
			defaultConfigurationName = Release;
		};
		1AFC3B6D225037EA004BA8B8 /* Build configuration list for PBXNativeTarget "TripBox" */ = {
			isa = XCConfigurationList;
			buildConfigurations = (
				1AFC3B6E225037EA004BA8B8 /* Debug */,
				1AFC3B6F225037EA004BA8B8 /* Release */,
			);
			defaultConfigurationIsVisible = 0;
			defaultConfigurationName = Release;
		};
		1AFC3B70225037EA004BA8B8 /* Build configuration list for PBXNativeTarget "TripBoxTests" */ = {
			isa = XCConfigurationList;
			buildConfigurations = (
				1AFC3B71225037EA004BA8B8 /* Debug */,
				1AFC3B72225037EA004BA8B8 /* Release */,
			);
			defaultConfigurationIsVisible = 0;
			defaultConfigurationName = Release;
		};
		1AFC3B73225037EA004BA8B8 /* Build configuration list for PBXNativeTarget "TripBoxUITests" */ = {
			isa = XCConfigurationList;
			buildConfigurations = (
				1AFC3B74225037EA004BA8B8 /* Debug */,
				1AFC3B75225037EA004BA8B8 /* Release */,
			);
			defaultConfigurationIsVisible = 0;
			defaultConfigurationName = Release;
		};
/* End XCConfigurationList section */

/* Begin XCVersionGroup section */
		1A399D4B225127AD00E0366E /* tripBox.xcdatamodeld */ = {
			isa = XCVersionGroup;
			children = (
				1A399D4C225127AD00E0366E /* tripBox.xcdatamodel */,
			);
			currentVersion = 1A399D4C225127AD00E0366E /* tripBox.xcdatamodel */;
			path = tripBox.xcdatamodeld;
			sourceTree = "<group>";
			versionGroupType = wrapper.xcdatamodel;
		};
/* End XCVersionGroup section */
	};
	rootObject = 1AFC3B3B225037E7004BA8B8 /* Project object */;
}
